
Microsoft Visual Studio Solution File, Format Version 12.00
# Visual Studio Version 17
VisualStudioVersion = 17.4.33110.190
MinimumVisualStudioVersion = 10.0.40219.1
Project("{9A19103F-16F7-4668-BE54-9A1E7A4F7556}") = "IzzyXML", "TestadorXML\IzzyXML.csproj", "{2E5F1C1B-B1BF-43EA-A287-8A5CC8EFFEEF}"
EndProject
Global
	GlobalSection(SolutionConfigurationPlatforms) = preSolution
		Debug|Any CPU = Debug|Any CPU
		Release|Any CPU = Release|Any CPU
	EndGlobalSection
	GlobalSection(ProjectConfigurationPlatforms) = postSolution
		{2E5F1C1B-B1BF-43EA-A287-8A5CC8EFFEEF}.Debug|Any CPU.ActiveCfg = Debug|Any CPU
		{2E5F1C1B-B1BF-43EA-A287-8A5CC8EFFEEF}.Debug|Any CPU.Build.0 = Debug|Any CPU
		{2E5F1C1B-B1BF-43EA-A287-8A5CC8EFFEEF}.Release|Any CPU.ActiveCfg = Release|Any CPU
		{2E5F1C1B-B1BF-43EA-A287-8A5CC8EFFEEF}.Release|Any CPU.Build.0 = Release|Any CPU
	EndGlobalSection
	GlobalSection(SolutionProperties) = preSolution
		HideSolutionNode = FALSE
	EndGlobalSection
	GlobalSection(ExtensibilityGlobals) = postSolution
		SolutionGuid = {120458CE-7C3D-477B-B683-B41A1E5820CD}
	EndGlobalSection
EndGlobal
